
Microsoft Visual Studio Solution File, Format Version 12.00
# Visual Studio 2015
Project("{FAE04EC0-301F-11D3-BF4B-00C04F79EFBC}") = "JapaneseForGamers.CSharp.Plugins", "JapaneseForGamers.CSharp.Plugins.csproj", "{17A64D8F-1B5E-8ACB-4FB0-B457A4D5FA0E}"
EndProject
Project("{FAE04EC0-301F-11D3-BF4B-00C04F79EFBC}") = "JapaneseForGamers.CSharp", "JapaneseForGamers.CSharp.csproj", "{1566E491-3927-F30C-73B6-0B5BA1421D87}"
EndProject
Global
	GlobalSection(SolutionConfigurationPlatforms) = preSolution
		Debug|Any CPU = Debug|Any CPU
		Release|Any CPU = Release|Any CPU
	EndGlobalSection
	GlobalSection(ProjectConfigurationPlatforms) = postSolution
		{17A64D8F-1B5E-8ACB-4FB0-B457A4D5FA0E}.Debug|Any CPU.ActiveCfg = Debug|Any CPU
		{17A64D8F-1B5E-8ACB-4FB0-B457A4D5FA0E}.Debug|Any CPU.Build.0 = Debug|Any CPU
		{17A64D8F-1B5E-8ACB-4FB0-B457A4D5FA0E}.Release|Any CPU.ActiveCfg = Release|Any CPU
		{17A64D8F-1B5E-8ACB-4FB0-B457A4D5FA0E}.Release|Any CPU.Build.0 = Release|Any CPU
		{1566E491-3927-F30C-73B6-0B5BA1421D87}.Debug|Any CPU.ActiveCfg = Debug|Any CPU
		{1566E491-3927-F30C-73B6-0B5BA1421D87}.Debug|Any CPU.Build.0 = Debug|Any CPU
		{1566E491-3927-F30C-73B6-0B5BA1421D87}.Release|Any CPU.ActiveCfg = Release|Any CPU
		{1566E491-3927-F30C-73B6-0B5BA1421D87}.Release|Any CPU.Build.0 = Release|Any CPU
	EndGlobalSection
	GlobalSection(SolutionProperties) = preSolution
		HideSolutionNode = FALSE
	EndGlobalSection
EndGlobal
