Microsoft Visual Studio Solution File, Format Version 11.00
# Visual Studio 2008

Project("{38C7F7BB-4AC0-0271-9543-30253B3069E3}") = "JapaneseForGamers", "Assembly-CSharp-firstpass-vs.csproj", "{B7492124-BB90-6248-FBC6-6AB3BBB24338}"
EndProject
Project("{38C7F7BB-4AC0-0271-9543-30253B3069E3}") = "JapaneseForGamers", "Assembly-CSharp-vs.csproj", "{800C43C1-6BAE-6005-21CF-2B2CF3052856}"
EndProject
Global
	GlobalSection(SolutionConfigurationPlatforms) = preSolution
		Debug|Any CPU = Debug|Any CPU
		Release|Any CPU = Release|Any CPU
	EndGlobalSection
	GlobalSection(ProjectConfigurationPlatforms) = postSolution
		{B7492124-BB90-6248-FBC6-6AB3BBB24338}.Debug|Any CPU.ActiveCfg = Debug|Any CPU
		{B7492124-BB90-6248-FBC6-6AB3BBB24338}.Debug|Any CPU.Build.0 = Debug|Any CPU
		{B7492124-BB90-6248-FBC6-6AB3BBB24338}.Release|Any CPU.ActiveCfg = Release|Any CPU
		{B7492124-BB90-6248-FBC6-6AB3BBB24338}.Release|Any CPU.Build.0 = Release|Any CPU
		{800C43C1-6BAE-6005-21CF-2B2CF3052856}.Debug|Any CPU.ActiveCfg = Debug|Any CPU
		{800C43C1-6BAE-6005-21CF-2B2CF3052856}.Debug|Any CPU.Build.0 = Debug|Any CPU
		{800C43C1-6BAE-6005-21CF-2B2CF3052856}.Release|Any CPU.ActiveCfg = Release|Any CPU
		{800C43C1-6BAE-6005-21CF-2B2CF3052856}.Release|Any CPU.Build.0 = Release|Any CPU
	EndGlobalSection
	GlobalSection(SolutionProperties) = preSolution
		HideSolutionNode = FALSE
	EndGlobalSection
																																																																																																																																																																																																																																																																																																																																																																																																																																																																			GlobalSection(MonoDevelopProperties) = preSolution
		StartupItem = Assembly-CSharp.csproj
		Policies = $0
		$0.TextStylePolicy = $1
		$1.inheritsSet = null
		$1.scope = text/x-csharp
		$0.CSharpFormattingPolicy = $2
		$2.inheritsSet = Mono
		$2.inheritsScope = text/x-csharp
		$2.scope = text/x-csharp
		$0.TextStylePolicy = $3
		$3.FileWidth = 120
		$3.TabWidth = 4
		$3.EolMarker = Unix
		$3.inheritsSet = Mono
		$3.inheritsScope = text/plain
		$3.scope = text/plain
	EndGlobalSection

EndGlobal
